
Microsoft Visual Studio Solution File, Format Version 12.00
# Visual Studio Version 17
VisualStudioVersion = 17.8.34330.188
MinimumVisualStudioVersion = 10.0.40219.1
Project("{FAE04EC0-301F-11D3-BF4B-00C04F79EFBC}") = "GeneticSquares", "GeneticSquares.csproj", "{2C468341-E630-4ACD-B687-F1EC7869B333}"
EndProject
Global
	GlobalSection(SolutionConfigurationPlatforms) = preSolution
		Debug|Any CPU = Debug|Any CPU
		Release|Any CPU = Release|Any CPU
	EndGlobalSection
	GlobalSection(ProjectConfigurationPlatforms) = postSolution
		{2C468341-E630-4ACD-B687-F1EC7869B333}.Debug|Any CPU.ActiveCfg = Debug|Any CPU
		{2C468341-E630-4ACD-B687-F1EC7869B333}.Debug|Any CPU.Build.0 = Debug|Any CPU
		{2C468341-E630-4ACD-B687-F1EC7869B333}.Release|Any CPU.ActiveCfg = Release|Any CPU
		{2C468341-E630-4ACD-B687-F1EC7869B333}.Release|Any CPU.Build.0 = Release|Any CPU
	EndGlobalSection
	GlobalSection(SolutionProperties) = preSolution
		HideSolutionNode = FALSE
	EndGlobalSection
	GlobalSection(ExtensibilityGlobals) = postSolution
		SolutionGuid = {93402A4E-3830-4A37-9B7E-657F9314562A}
	EndGlobalSection
EndGlobal
